// !$*UTF8*$!
{
	archiveVersion = 1;
	classes = {
	};
	objectVersion = 50;
	objects = {

/* Begin PBXBuildFile section */
		492B2BFFB8FE7AA679BBAB3F /* Pods_ReactorExampleTests.framework in Frameworks */ = {isa = PBXBuildFile; fileRef = A74C9FC7B4CEE39E1E7A092D /* Pods_ReactorExampleTests.framework */; };
		6360B31521DDA5AD000AFCBF /* RepositoryCell.swift in Sources */ = {isa = PBXBuildFile; fileRef = 6360B31421DDA5AD000AFCBF /* RepositoryCell.swift */; };
		6360B31721DDA690000AFCBF /* RepositoryListReactor.swift in Sources */ = {isa = PBXBuildFile; fileRef = 6360B31621DDA690000AFCBF /* RepositoryListReactor.swift */; };
		6385AE6121DCA38A001643EE /* AppDelegate.swift in Sources */ = {isa = PBXBuildFile; fileRef = 6385AE6021DCA38A001643EE /* AppDelegate.swift */; };
		6385AE6621DCA38A001643EE /* Main.storyboard in Resources */ = {isa = PBXBuildFile; fileRef = 6385AE6421DCA38A001643EE /* Main.storyboard */; };
		6385AE6821DCA38F001643EE /* Assets.xcassets in Resources */ = {isa = PBXBuildFile; fileRef = 6385AE6721DCA38F001643EE /* Assets.xcassets */; };
		6385AE6B21DCA38F001643EE /* LaunchScreen.storyboard in Resources */ = {isa = PBXBuildFile; fileRef = 6385AE6921DCA38F001643EE /* LaunchScreen.storyboard */; };
		6385AE7621DCA390001643EE /* ReactorExampleTests.swift in Sources */ = {isa = PBXBuildFile; fileRef = 6385AE7521DCA390001643EE /* ReactorExampleTests.swift */; };
		63995D3721DEE553001AAD17 /* NetworkService.swift in Sources */ = {isa = PBXBuildFile; fileRef = 63995D3621DEE553001AAD17 /* NetworkService.swift */; };
		63995D3921DEE768001AAD17 /* NetworkResponse.swift in Sources */ = {isa = PBXBuildFile; fileRef = 63995D3821DEE768001AAD17 /* NetworkResponse.swift */; };
		63995D3D21DEF4D8001AAD17 /* SearchRepositoryService.swift in Sources */ = {isa = PBXBuildFile; fileRef = 63995D3C21DEF4D8001AAD17 /* SearchRepositoryService.swift */; };
		63995D3F21DEF739001AAD17 /* SearchRepositoryResponse.swift in Sources */ = {isa = PBXBuildFile; fileRef = 63995D3E21DEF739001AAD17 /* SearchRepositoryResponse.swift */; };
		63D33C4921E2E181009317AA /* GlobalExtensions.swift in Sources */ = {isa = PBXBuildFile; fileRef = 63D33C4821E2E181009317AA /* GlobalExtensions.swift */; };
		63D33C4B21E2E593009317AA /* RepositoryListViewController.swift in Sources */ = {isa = PBXBuildFile; fileRef = 63D33C4A21E2E593009317AA /* RepositoryListViewController.swift */; };
		E7757D00357F5AE8CA0F8E1A /* Pods_ReactorExample.framework in Frameworks */ = {isa = PBXBuildFile; fileRef = D6F0604CAA96DC0FE386FA9E /* Pods_ReactorExample.framework */; };
/* End PBXBuildFile section */

/* Begin PBXContainerItemProxy section */
		6385AE7221DCA390001643EE /* PBXContainerItemProxy */ = {
			isa = PBXContainerItemProxy;
			containerPortal = 6385AE5521DCA38A001643EE /* Project object */;
			proxyType = 1;
			remoteGlobalIDString = 6385AE5C21DCA38A001643EE;
			remoteInfo = ReactorExample;
		};
/* End PBXContainerItemProxy section */

/* Begin PBXFileReference section */
		592994C2D1FECC065FED4493 /* Pods-ReactorExample.debug.xcconfig */ = {isa = PBXFileReference; includeInIndex = 1; lastKnownFileType = text.xcconfig; name = "Pods-ReactorExample.debug.xcconfig"; path = "Pods/Target Support Files/Pods-ReactorExample/Pods-ReactorExample.debug.xcconfig"; sourceTree = "<group>"; };
		630FEAC721DEFCF400D92BA4 /* ReactorExample.entitlements */ = {isa = PBXFileReference; lastKnownFileType = text.plist.entitlements; path = ReactorExample.entitlements; sourceTree = "<group>"; };
		6360B31421DDA5AD000AFCBF /* RepositoryCell.swift */ = {isa = PBXFileReference; lastKnownFileType = sourcecode.swift; path = RepositoryCell.swift; sourceTree = "<group>"; };
		6360B31621DDA690000AFCBF /* RepositoryListReactor.swift */ = {isa = PBXFileReference; lastKnownFileType = sourcecode.swift; path = RepositoryListReactor.swift; sourceTree = "<group>"; };
		6385AE5D21DCA38A001643EE /* ReactorExample.app */ = {isa = PBXFileReference; explicitFileType = wrapper.application; includeInIndex = 0; path = ReactorExample.app; sourceTree = BUILT_PRODUCTS_DIR; };
		6385AE6021DCA38A001643EE /* AppDelegate.swift */ = {isa = PBXFileReference; lastKnownFileType = sourcecode.swift; path = AppDelegate.swift; sourceTree = "<group>"; };
		6385AE6521DCA38A001643EE /* Base */ = {isa = PBXFileReference; lastKnownFileType = file.storyboard; name = Base; path = Base.lproj/Main.storyboard; sourceTree = "<group>"; };
		6385AE6721DCA38F001643EE /* Assets.xcassets */ = {isa = PBXFileReference; lastKnownFileType = folder.assetcatalog; path = Assets.xcassets; sourceTree = "<group>"; };
		6385AE6A21DCA38F001643EE /* Base */ = {isa = PBXFileReference; lastKnownFileType = file.storyboard; name = Base; path = Base.lproj/LaunchScreen.storyboard; sourceTree = "<group>"; };
		6385AE6C21DCA38F001643EE /* Info.plist */ = {isa = PBXFileReference; lastKnownFileType = text.plist.xml; path = Info.plist; sourceTree = "<group>"; };
		6385AE7121DCA390001643EE /* ReactorExampleTests.xctest */ = {isa = PBXFileReference; explicitFileType = wrapper.cfbundle; includeInIndex = 0; path = ReactorExampleTests.xctest; sourceTree = BUILT_PRODUCTS_DIR; };
		6385AE7521DCA390001643EE /* ReactorExampleTests.swift */ = {isa = PBXFileReference; lastKnownFileType = sourcecode.swift; path = ReactorExampleTests.swift; sourceTree = "<group>"; };
		6385AE7721DCA390001643EE /* Info.plist */ = {isa = PBXFileReference; lastKnownFileType = text.plist.xml; path = Info.plist; sourceTree = "<group>"; };
		63995D3621DEE553001AAD17 /* NetworkService.swift */ = {isa = PBXFileReference; lastKnownFileType = sourcecode.swift; path = NetworkService.swift; sourceTree = "<group>"; };
		63995D3821DEE768001AAD17 /* NetworkResponse.swift */ = {isa = PBXFileReference; lastKnownFileType = sourcecode.swift; path = NetworkResponse.swift; sourceTree = "<group>"; };
		63995D3C21DEF4D8001AAD17 /* SearchRepositoryService.swift */ = {isa = PBXFileReference; lastKnownFileType = sourcecode.swift; path = SearchRepositoryService.swift; sourceTree = "<group>"; };
		63995D3E21DEF739001AAD17 /* SearchRepositoryResponse.swift */ = {isa = PBXFileReference; lastKnownFileType = sourcecode.swift; path = SearchRepositoryResponse.swift; sourceTree = "<group>"; };
		63D33C4821E2E181009317AA /* GlobalExtensions.swift */ = {isa = PBXFileReference; lastKnownFileType = sourcecode.swift; path = GlobalExtensions.swift; sourceTree = "<group>"; };
		63D33C4A21E2E593009317AA /* RepositoryListViewController.swift */ = {isa = PBXFileReference; fileEncoding = 4; lastKnownFileType = sourcecode.swift; path = RepositoryListViewController.swift; sourceTree = "<group>"; };
		69905C8644DA3B82753A8102 /* Pods-ReactorExampleTests.debug.xcconfig */ = {isa = PBXFileReference; includeInIndex = 1; lastKnownFileType = text.xcconfig; name = "Pods-ReactorExampleTests.debug.xcconfig"; path = "Pods/Target Support Files/Pods-ReactorExampleTests/Pods-ReactorExampleTests.debug.xcconfig"; sourceTree = "<group>"; };
		8EA92FFB9FD10AC4DFE46174 /* Pods-ReactorExample.release.xcconfig */ = {isa = PBXFileReference; includeInIndex = 1; lastKnownFileType = text.xcconfig; name = "Pods-ReactorExample.release.xcconfig"; path = "Pods/Target Support Files/Pods-ReactorExample/Pods-ReactorExample.release.xcconfig"; sourceTree = "<group>"; };
		A74C9FC7B4CEE39E1E7A092D /* Pods_ReactorExampleTests.framework */ = {isa = PBXFileReference; explicitFileType = wrapper.framework; includeInIndex = 0; path = Pods_ReactorExampleTests.framework; sourceTree = BUILT_PRODUCTS_DIR; };
		D5E2DDA8D68A35BC893090AE /* Pods-ReactorExampleTests.release.xcconfig */ = {isa = PBXFileReference; includeInIndex = 1; lastKnownFileType = text.xcconfig; name = "Pods-ReactorExampleTests.release.xcconfig"; path = "Pods/Target Support Files/Pods-ReactorExampleTests/Pods-ReactorExampleTests.release.xcconfig"; sourceTree = "<group>"; };
		D6F0604CAA96DC0FE386FA9E /* Pods_ReactorExample.framework */ = {isa = PBXFileReference; explicitFileType = wrapper.framework; includeInIndex = 0; path = Pods_ReactorExample.framework; sourceTree = BUILT_PRODUCTS_DIR; };
/* End PBXFileReference section */

/* Begin PBXFrameworksBuildPhase section */
		6385AE5A21DCA38A001643EE /* Frameworks */ = {
			isa = PBXFrameworksBuildPhase;
			buildActionMask = 2147483647;
			files = (
				E7757D00357F5AE8CA0F8E1A /* Pods_ReactorExample.framework in Frameworks */,
			);
			runOnlyForDeploymentPostprocessing = 0;
		};
		6385AE6E21DCA390001643EE /* Frameworks */ = {
			isa = PBXFrameworksBuildPhase;
			buildActionMask = 2147483647;
			files = (
				492B2BFFB8FE7AA679BBAB3F /* Pods_ReactorExampleTests.framework in Frameworks */,
			);
			runOnlyForDeploymentPostprocessing = 0;
		};
/* End PBXFrameworksBuildPhase section */

/* Begin PBXGroup section */
		0A4447FCE205A6466F314985 /* Pods */ = {
			isa = PBXGroup;
			children = (
				592994C2D1FECC065FED4493 /* Pods-ReactorExample.debug.xcconfig */,
				8EA92FFB9FD10AC4DFE46174 /* Pods-ReactorExample.release.xcconfig */,
				69905C8644DA3B82753A8102 /* Pods-ReactorExampleTests.debug.xcconfig */,
				D5E2DDA8D68A35BC893090AE /* Pods-ReactorExampleTests.release.xcconfig */,
			);
			name = Pods;
			sourceTree = "<group>";
		};
		6360B31221DD90F7000AFCBF /* Main */ = {
			isa = PBXGroup;
			children = (
				6360B31321DDA588000AFCBF /* Cell */,
				63D33C4A21E2E593009317AA /* RepositoryListViewController.swift */,
				6360B31621DDA690000AFCBF /* RepositoryListReactor.swift */,
				6385AE6421DCA38A001643EE /* Main.storyboard */,
			);
			path = Main;
			sourceTree = "<group>";
		};
		6360B31321DDA588000AFCBF /* Cell */ = {
			isa = PBXGroup;
			children = (
				6360B31421DDA5AD000AFCBF /* RepositoryCell.swift */,
			);
			path = Cell;
			sourceTree = "<group>";
		};
		6385AE5421DCA38A001643EE = {
			isa = PBXGroup;
			children = (
				6385AE5F21DCA38A001643EE /* ReactorExample */,
				6385AE7421DCA390001643EE /* ReactorExampleTests */,
				6385AE5E21DCA38A001643EE /* Products */,
				0A4447FCE205A6466F314985 /* Pods */,
				73097EC38FA5E9DDAEFAC1E5 /* Frameworks */,
			);
			sourceTree = "<group>";
		};
		6385AE5E21DCA38A001643EE /* Products */ = {
			isa = PBXGroup;
			children = (
				6385AE5D21DCA38A001643EE /* ReactorExample.app */,
				6385AE7121DCA390001643EE /* ReactorExampleTests.xctest */,
			);
			name = Products;
			sourceTree = "<group>";
		};
		6385AE5F21DCA38A001643EE /* ReactorExample */ = {
			isa = PBXGroup;
			children = (
				63D33C4721E2E167009317AA /* Common */,
				63995D3421DEE3FF001AAD17 /* Network */,
				6360B31221DD90F7000AFCBF /* Main */,
				6385AE6021DCA38A001643EE /* AppDelegate.swift */,
				6385AE6721DCA38F001643EE /* Assets.xcassets */,
				6385AE6921DCA38F001643EE /* LaunchScreen.storyboard */,
				6385AE6C21DCA38F001643EE /* Info.plist */,
				630FEAC721DEFCF400D92BA4 /* ReactorExample.entitlements */,
			);
			path = ReactorExample;
			sourceTree = "<group>";
		};
		6385AE7421DCA390001643EE /* ReactorExampleTests */ = {
			isa = PBXGroup;
			children = (
				6385AE7521DCA390001643EE /* ReactorExampleTests.swift */,
				6385AE7721DCA390001643EE /* Info.plist */,
			);
			path = ReactorExampleTests;
			sourceTree = "<group>";
		};
		63995D3421DEE3FF001AAD17 /* Network */ = {
			isa = PBXGroup;
			children = (
				63995D3B21DEF493001AAD17 /* SearchRepository */,
				63995D3621DEE553001AAD17 /* NetworkService.swift */,
				63995D3821DEE768001AAD17 /* NetworkResponse.swift */,
			);
			path = Network;
			sourceTree = "<group>";
		};
		63995D3B21DEF493001AAD17 /* SearchRepository */ = {
			isa = PBXGroup;
			children = (
				63995D3C21DEF4D8001AAD17 /* SearchRepositoryService.swift */,
				63995D3E21DEF739001AAD17 /* SearchRepositoryResponse.swift */,
			);
			path = SearchRepository;
			sourceTree = "<group>";
		};
		63D33C4721E2E167009317AA /* Common */ = {
			isa = PBXGroup;
			children = (
				63D33C4821E2E181009317AA /* GlobalExtensions.swift */,
			);
			path = Common;
			sourceTree = "<group>";
		};
		73097EC38FA5E9DDAEFAC1E5 /* Frameworks */ = {
			isa = PBXGroup;
			children = (
				D6F0604CAA96DC0FE386FA9E /* Pods_ReactorExample.framework */,
				A74C9FC7B4CEE39E1E7A092D /* Pods_ReactorExampleTests.framework */,
			);
			name = Frameworks;
			sourceTree = "<group>";
		};
/* End PBXGroup section */

/* Begin PBXNativeTarget section */
		6385AE5C21DCA38A001643EE /* ReactorExample */ = {
			isa = PBXNativeTarget;
			buildConfigurationList = 6385AE7A21DCA390001643EE /* Build configuration list for PBXNativeTarget "ReactorExample" */;
			buildPhases = (
				FC1EF285DE8DE98E5519C85E /* [CP] Check Pods Manifest.lock */,
				6385AE5921DCA38A001643EE /* Sources */,
				6385AE5A21DCA38A001643EE /* Frameworks */,
				6385AE5B21DCA38A001643EE /* Resources */,
				3C0CFA7631CBA7916DB4A61E /* [CP] Embed Pods Frameworks */,
			);
			buildRules = (
			);
			dependencies = (
			);
			name = ReactorExample;
			productName = ReactorExample;
			productReference = 6385AE5D21DCA38A001643EE /* ReactorExample.app */;
			productType = "com.apple.product-type.application";
		};
		6385AE7021DCA390001643EE /* ReactorExampleTests */ = {
			isa = PBXNativeTarget;
			buildConfigurationList = 6385AE7D21DCA390001643EE /* Build configuration list for PBXNativeTarget "ReactorExampleTests" */;
			buildPhases = (
				E453BB2D3660DF5654DFDE27 /* [CP] Check Pods Manifest.lock */,
				6385AE6D21DCA390001643EE /* Sources */,
				6385AE6E21DCA390001643EE /* Frameworks */,
				6385AE6F21DCA390001643EE /* Resources */,
			);
			buildRules = (
			);
			dependencies = (
				6385AE7321DCA390001643EE /* PBXTargetDependency */,
			);
			name = ReactorExampleTests;
			productName = ReactorExampleTests;
			productReference = 6385AE7121DCA390001643EE /* ReactorExampleTests.xctest */;
			productType = "com.apple.product-type.bundle.unit-test";
		};
/* End PBXNativeTarget section */

/* Begin PBXProject section */
		6385AE5521DCA38A001643EE /* Project object */ = {
			isa = PBXProject;
			attributes = {
				LastSwiftUpdateCheck = 1010;
				LastUpgradeCheck = 1010;
				ORGANIZATIONNAME = seungjun;
				TargetAttributes = {
					6385AE5C21DCA38A001643EE = {
						CreatedOnToolsVersion = 10.1;
						SystemCapabilities = {
							com.apple.GameCenter.iOS = {
								enabled = 0;
							};
							com.apple.Wallet = {
								enabled = 0;
							};
						};
					};
					6385AE7021DCA390001643EE = {
						CreatedOnToolsVersion = 10.1;
						TestTargetID = 6385AE5C21DCA38A001643EE;
					};
				};
			};
			buildConfigurationList = 6385AE5821DCA38A001643EE /* Build configuration list for PBXProject "ReactorExample" */;
			compatibilityVersion = "Xcode 9.3";
			developmentRegion = en;
			hasScannedForEncodings = 0;
			knownRegions = (
				en,
				Base,
			);
			mainGroup = 6385AE5421DCA38A001643EE;
			productRefGroup = 6385AE5E21DCA38A001643EE /* Products */;
			projectDirPath = "";
			projectRoot = "";
			targets = (
				6385AE5C21DCA38A001643EE /* ReactorExample */,
				6385AE7021DCA390001643EE /* ReactorExampleTests */,
			);
		};
/* End PBXProject section */

/* Begin PBXResourcesBuildPhase section */
		6385AE5B21DCA38A001643EE /* Resources */ = {
			isa = PBXResourcesBuildPhase;
			buildActionMask = 2147483647;
			files = (
				6385AE6B21DCA38F001643EE /* LaunchScreen.storyboard in Resources */,
				6385AE6821DCA38F001643EE /* Assets.xcassets in Resources */,
				6385AE6621DCA38A001643EE /* Main.storyboard in Resources */,
			);
			runOnlyForDeploymentPostprocessing = 0;
		};
		6385AE6F21DCA390001643EE /* Resources */ = {
			isa = PBXResourcesBuildPhase;
			buildActionMask = 2147483647;
			files = (
			);
			runOnlyForDeploymentPostprocessing = 0;
		};
/* End PBXResourcesBuildPhase section */

/* Begin PBXShellScriptBuildPhase section */
		3C0CFA7631CBA7916DB4A61E /* [CP] Embed Pods Frameworks */ = {
			isa = PBXShellScriptBuildPhase;
			buildActionMask = 2147483647;
			files = (
			);
			inputPaths = (
				"${SRCROOT}/Pods/Target Support Files/Pods-ReactorExample/Pods-ReactorExample-frameworks.sh",
				"${BUILT_PRODUCTS_DIR}/Alamofire/Alamofire.framework",
				"${BUILT_PRODUCTS_DIR}/ReactorKit/ReactorKit.framework",
				"${BUILT_PRODUCTS_DIR}/RxAlamofire/RxAlamofire.framework",
				"${BUILT_PRODUCTS_DIR}/RxAtomic/RxAtomic.framework",
				"${BUILT_PRODUCTS_DIR}/RxCocoa/RxCocoa.framework",
				"${BUILT_PRODUCTS_DIR}/RxSwift/RxSwift.framework",
			);
			name = "[CP] Embed Pods Frameworks";
			outputPaths = (
				"${TARGET_BUILD_DIR}/${FRAMEWORKS_FOLDER_PATH}/Alamofire.framework",
				"${TARGET_BUILD_DIR}/${FRAMEWORKS_FOLDER_PATH}/ReactorKit.framework",
				"${TARGET_BUILD_DIR}/${FRAMEWORKS_FOLDER_PATH}/RxAlamofire.framework",
				"${TARGET_BUILD_DIR}/${FRAMEWORKS_FOLDER_PATH}/RxAtomic.framework",
				"${TARGET_BUILD_DIR}/${FRAMEWORKS_FOLDER_PATH}/RxCocoa.framework",
				"${TARGET_BUILD_DIR}/${FRAMEWORKS_FOLDER_PATH}/RxSwift.framework",
			);
			runOnlyForDeploymentPostprocessing = 0;
			shellPath = /bin/sh;
			shellScript = "\"${SRCROOT}/Pods/Target Support Files/Pods-ReactorExample/Pods-ReactorExample-frameworks.sh\"\n";
			showEnvVarsInLog = 0;
		};
		E453BB2D3660DF5654DFDE27 /* [CP] Check Pods Manifest.lock */ = {
			isa = PBXShellScriptBuildPhase;
			buildActionMask = 2147483647;
			files = (
			);
			inputPaths = (
				"${PODS_PODFILE_DIR_PATH}/Podfile.lock",
				"${PODS_ROOT}/Manifest.lock",
			);
			name = "[CP] Check Pods Manifest.lock";
			outputPaths = (
				"$(DERIVED_FILE_DIR)/Pods-ReactorExampleTests-checkManifestLockResult.txt",
			);
			runOnlyForDeploymentPostprocessing = 0;
			shellPath = /bin/sh;
			shellScript = "diff \"${PODS_PODFILE_DIR_PATH}/Podfile.lock\" \"${PODS_ROOT}/Manifest.lock\" > /dev/null\nif [ $? != 0 ] ; then\n    # print error to STDERR\n    echo \"error: The sandbox is not in sync with the Podfile.lock. Run 'pod install' or update your CocoaPods installation.\" >&2\n    exit 1\nfi\n# This output is used by Xcode 'outputs' to avoid re-running this script phase.\necho \"SUCCESS\" > \"${SCRIPT_OUTPUT_FILE_0}\"\n";
			showEnvVarsInLog = 0;
		};
		FC1EF285DE8DE98E5519C85E /* [CP] Check Pods Manifest.lock */ = {
			isa = PBXShellScriptBuildPhase;
			buildActionMask = 2147483647;
			files = (
			);
			inputPaths = (
				"${PODS_PODFILE_DIR_PATH}/Podfile.lock",
				"${PODS_ROOT}/Manifest.lock",
			);
			name = "[CP] Check Pods Manifest.lock";
			outputPaths = (
				"$(DERIVED_FILE_DIR)/Pods-ReactorExample-checkManifestLockResult.txt",
			);
			runOnlyForDeploymentPostprocessing = 0;
			shellPath = /bin/sh;
			shellScript = "diff \"${PODS_PODFILE_DIR_PATH}/Podfile.lock\" \"${PODS_ROOT}/Manifest.lock\" > /dev/null\nif [ $? != 0 ] ; then\n    # print error to STDERR\n    echo \"error: The sandbox is not in sync with the Podfile.lock. Run 'pod install' or update your CocoaPods installation.\" >&2\n    exit 1\nfi\n# This output is used by Xcode 'outputs' to avoid re-running this script phase.\necho \"SUCCESS\" > \"${SCRIPT_OUTPUT_FILE_0}\"\n";
			showEnvVarsInLog = 0;
		};
/* End PBXShellScriptBuildPhase section */

/* Begin PBXSourcesBuildPhase section */
		6385AE5921DCA38A001643EE /* Sources */ = {
			isa = PBXSourcesBuildPhase;
			buildActionMask = 2147483647;
			files = (
				63D33C4B21E2E593009317AA /* RepositoryListViewController.swift in Sources */,
				63995D3721DEE553001AAD17 /* NetworkService.swift in Sources */,
				6360B31521DDA5AD000AFCBF /* RepositoryCell.swift in Sources */,
				6360B31721DDA690000AFCBF /* RepositoryListReactor.swift in Sources */,
				6385AE6121DCA38A001643EE /* AppDelegate.swift in Sources */,
				63995D3D21DEF4D8001AAD17 /* SearchRepositoryService.swift in Sources */,
				63D33C4921E2E181009317AA /* GlobalExtensions.swift in Sources */,
				63995D3F21DEF739001AAD17 /* SearchRepositoryResponse.swift in Sources */,
				63995D3921DEE768001AAD17 /* NetworkResponse.swift in Sources */,
			);
			runOnlyForDeploymentPostprocessing = 0;
		};
		6385AE6D21DCA390001643EE /* Sources */ = {
			isa = PBXSourcesBuildPhase;
			buildActionMask = 2147483647;
			files = (
				6385AE7621DCA390001643EE /* ReactorExampleTests.swift in Sources */,
			);
			runOnlyForDeploymentPostprocessing = 0;
		};
/* End PBXSourcesBuildPhase section */

/* Begin PBXTargetDependency section */
		6385AE7321DCA390001643EE /* PBXTargetDependency */ = {
			isa = PBXTargetDependency;
			target = 6385AE5C21DCA38A001643EE /* ReactorExample */;
			targetProxy = 6385AE7221DCA390001643EE /* PBXContainerItemProxy */;
		};
/* End PBXTargetDependency section */

/* Begin PBXVariantGroup section */
		6385AE6421DCA38A001643EE /* Main.storyboard */ = {
			isa = PBXVariantGroup;
			children = (
				6385AE6521DCA38A001643EE /* Base */,
			);
			name = Main.storyboard;
			sourceTree = "<group>";
		};
		6385AE6921DCA38F001643EE /* LaunchScreen.storyboard */ = {
			isa = PBXVariantGroup;
			children = (
				6385AE6A21DCA38F001643EE /* Base */,
			);
			name = LaunchScreen.storyboard;
			sourceTree = "<group>";
		};
/* End PBXVariantGroup section */

/* Begin XCBuildConfiguration section */
		6385AE7821DCA390001643EE /* Debug */ = {
			isa = XCBuildConfiguration;
			buildSettings = {
				ALWAYS_SEARCH_USER_PATHS = NO;
				CLANG_ANALYZER_NONNULL = YES;
				CLANG_ANALYZER_NUMBER_OBJECT_CONVERSION = YES_AGGRESSIVE;
				CLANG_CXX_LANGUAGE_STANDARD = "gnu++14";
				CLANG_CXX_LIBRARY = "libc++";
				CLANG_ENABLE_MODULES = YES;
				CLANG_ENABLE_OBJC_ARC = YES;
				CLANG_ENABLE_OBJC_WEAK = YES;
				CLANG_WARN_BLOCK_CAPTURE_AUTORELEASING = YES;
				CLANG_WARN_BOOL_CONVERSION = YES;
				CLANG_WARN_COMMA = YES;
				CLANG_WARN_CONSTANT_CONVERSION = YES;
				CLANG_WARN_DEPRECATED_OBJC_IMPLEMENTATIONS = YES;
				CLANG_WARN_DIRECT_OBJC_ISA_USAGE = YES_ERROR;
				CLANG_WARN_DOCUMENTATION_COMMENTS = YES;
				CLANG_WARN_EMPTY_BODY = YES;
				CLANG_WARN_ENUM_CONVERSION = YES;
				CLANG_WARN_INFINITE_RECURSION = YES;
				CLANG_WARN_INT_CONVERSION = YES;
				CLANG_WARN_NON_LITERAL_NULL_CONVERSION = YES;
				CLANG_WARN_OBJC_IMPLICIT_RETAIN_SELF = YES;
				CLANG_WARN_OBJC_LITERAL_CONVERSION = YES;
				CLANG_WARN_OBJC_ROOT_CLASS = YES_ERROR;
				CLANG_WARN_RANGE_LOOP_ANALYSIS = YES;
				CLANG_WARN_STRICT_PROTOTYPES = YES;
				CLANG_WARN_SUSPICIOUS_MOVE = YES;
				CLANG_WARN_UNGUARDED_AVAILABILITY = YES_AGGRESSIVE;
				CLANG_WARN_UNREACHABLE_CODE = YES;
				CLANG_WARN__DUPLICATE_METHOD_MATCH = YES;
				CODE_SIGN_IDENTITY = "iPhone Developer";
				COPY_PHASE_STRIP = NO;
				DEBUG_INFORMATION_FORMAT = dwarf;
				ENABLE_STRICT_OBJC_MSGSEND = YES;
				ENABLE_TESTABILITY = YES;
				GCC_C_LANGUAGE_STANDARD = gnu11;
				GCC_DYNAMIC_NO_PIC = NO;
				GCC_NO_COMMON_BLOCKS = YES;
				GCC_OPTIMIZATION_LEVEL = 0;
				GCC_PREPROCESSOR_DEFINITIONS = (
					"DEBUG=1",
					"$(inherited)",
				);
				GCC_WARN_64_TO_32_BIT_CONVERSION = YES;
				GCC_WARN_ABOUT_RETURN_TYPE = YES_ERROR;
				GCC_WARN_UNDECLARED_SELECTOR = YES;
				GCC_WARN_UNINITIALIZED_AUTOS = YES_AGGRESSIVE;
				GCC_WARN_UNUSED_FUNCTION = YES;
				GCC_WARN_UNUSED_VARIABLE = YES;
				IPHONEOS_DEPLOYMENT_TARGET = 12.1;
				MTL_ENABLE_DEBUG_INFO = INCLUDE_SOURCE;
				MTL_FAST_MATH = YES;
				ONLY_ACTIVE_ARCH = YES;
				SDKROOT = iphoneos;
				SWIFT_ACTIVE_COMPILATION_CONDITIONS = DEBUG;
				SWIFT_OPTIMIZATION_LEVEL = "-Onone";
			};
			name = Debug;
		};
		6385AE7921DCA390001643EE /* Release */ = {
			isa = XCBuildConfiguration;
			buildSettings = {
				ALWAYS_SEARCH_USER_PATHS = NO;
				CLANG_ANALYZER_NONNULL = YES;
				CLANG_ANALYZER_NUMBER_OBJECT_CONVERSION = YES_AGGRESSIVE;
				CLANG_CXX_LANGUAGE_STANDARD = "gnu++14";
				CLANG_CXX_LIBRARY = "libc++";
				CLANG_ENABLE_MODULES = YES;
				CLANG_ENABLE_OBJC_ARC = YES;
				CLANG_ENABLE_OBJC_WEAK = YES;
				CLANG_WARN_BLOCK_CAPTURE_AUTORELEASING = YES;
				CLANG_WARN_BOOL_CONVERSION = YES;
				CLANG_WARN_COMMA = YES;
				CLANG_WARN_CONSTANT_CONVERSION = YES;
				CLANG_WARN_DEPRECATED_OBJC_IMPLEMENTATIONS = YES;
				CLANG_WARN_DIRECT_OBJC_ISA_USAGE = YES_ERROR;
				CLANG_WARN_DOCUMENTATION_COMMENTS = YES;
				CLANG_WARN_EMPTY_BODY = YES;
				CLANG_WARN_ENUM_CONVERSION = YES;
				CLANG_WARN_INFINITE_RECURSION = YES;
				CLANG_WARN_INT_CONVERSION = YES;
				CLANG_WARN_NON_LITERAL_NULL_CONVERSION = YES;
				CLANG_WARN_OBJC_IMPLICIT_RETAIN_SELF = YES;
				CLANG_WARN_OBJC_LITERAL_CONVERSION = YES;
				CLANG_WARN_OBJC_ROOT_CLASS = YES_ERROR;
				CLANG_WARN_RANGE_LOOP_ANALYSIS = YES;
				CLANG_WARN_STRICT_PROTOTYPES = YES;
				CLANG_WARN_SUSPICIOUS_MOVE = YES;
				CLANG_WARN_UNGUARDED_AVAILABILITY = YES_AGGRESSIVE;
				CLANG_WARN_UNREACHABLE_CODE = YES;
				CLANG_WARN__DUPLICATE_METHOD_MATCH = YES;
				CODE_SIGN_IDENTITY = "iPhone Developer";
				COPY_PHASE_STRIP = NO;
				DEBUG_INFORMATION_FORMAT = "dwarf-with-dsym";
				ENABLE_NS_ASSERTIONS = NO;
				ENABLE_STRICT_OBJC_MSGSEND = YES;
				GCC_C_LANGUAGE_STANDARD = gnu11;
				GCC_NO_COMMON_BLOCKS = YES;
				GCC_WARN_64_TO_32_BIT_CONVERSION = YES;
				GCC_WARN_ABOUT_RETURN_TYPE = YES_ERROR;
				GCC_WARN_UNDECLARED_SELECTOR = YES;
				GCC_WARN_UNINITIALIZED_AUTOS = YES_AGGRESSIVE;
				GCC_WARN_UNUSED_FUNCTION = YES;
				GCC_WARN_UNUSED_VARIABLE = YES;
				IPHONEOS_DEPLOYMENT_TARGET = 12.1;
				MTL_ENABLE_DEBUG_INFO = NO;
				MTL_FAST_MATH = YES;
				SDKROOT = iphoneos;
				SWIFT_COMPILATION_MODE = wholemodule;
				SWIFT_OPTIMIZATION_LEVEL = "-O";
				VALIDATE_PRODUCT = YES;
			};
			name = Release;
		};
		6385AE7B21DCA390001643EE /* Debug */ = {
			isa = XCBuildConfiguration;
			baseConfigurationReference = 592994C2D1FECC065FED4493 /* Pods-ReactorExample.debug.xcconfig */;
			buildSettings = {
				ASSETCATALOG_COMPILER_APPICON_NAME = AppIcon;
				CODE_SIGN_STYLE = Automatic;
				DEVELOPMENT_TEAM = T7CC2G3C53;
				INFOPLIST_FILE = ReactorExample/Info.plist;
				LD_RUNPATH_SEARCH_PATHS = (
					"$(inherited)",
					"@executable_path/Frameworks",
				);
				PRODUCT_BUNDLE_IDENTIFIER = com.seungjun.ReactorExample;
				PRODUCT_NAME = "$(TARGET_NAME)";
				SWIFT_VERSION = 4.2;
				TARGETED_DEVICE_FAMILY = "1,2";
			};
			name = Debug;
		};
		6385AE7C21DCA390001643EE /* Release */ = {
			isa = XCBuildConfiguration;
			baseConfigurationReference = 8EA92FFB9FD10AC4DFE46174 /* Pods-ReactorExample.release.xcconfig */;
			buildSettings = {
				ASSETCATALOG_COMPILER_APPICON_NAME = AppIcon;
				CODE_SIGN_STYLE = Automatic;
				DEVELOPMENT_TEAM = T7CC2G3C53;
				INFOPLIST_FILE = ReactorExample/Info.plist;
				LD_RUNPATH_SEARCH_PATHS = (
					"$(inherited)",
					"@executable_path/Frameworks",
				);
				PRODUCT_BUNDLE_IDENTIFIER = com.seungjun.ReactorExample;
				PRODUCT_NAME = "$(TARGET_NAME)";
				SWIFT_VERSION = 4.2;
				TARGETED_DEVICE_FAMILY = "1,2";
			};
			name = Release;
		};
		6385AE7E21DCA390001643EE /* Debug */ = {
			isa = XCBuildConfiguration;
			baseConfigurationReference = 69905C8644DA3B82753A8102 /* Pods-ReactorExampleTests.debug.xcconfig */;
			buildSettings = {
				ALWAYS_EMBED_SWIFT_STANDARD_LIBRARIES = YES;
				BUNDLE_LOADER = "$(TEST_HOST)";
				CODE_SIGN_IDENTITY = "iPhone Developer";
				CODE_SIGN_STYLE = Automatic;
				DEVELOPMENT_TEAM = T7CC2G3C53;
				INFOPLIST_FILE = ReactorExampleTests/Info.plist;
				LD_RUNPATH_SEARCH_PATHS = (
					"$(inherited)",
					"@executable_path/Frameworks",
					"@loader_path/Frameworks",
				);
				PRODUCT_BUNDLE_IDENTIFIER = com.seungjun.ReactorExampleTests;
				PRODUCT_NAME = "$(TARGET_NAME)";
				SWIFT_VERSION = 4.2;
				TARGETED_DEVICE_FAMILY = "1,2";
				TEST_HOST = "$(BUILT_PRODUCTS_DIR)/ReactorExample.app/ReactorExample";
			};
			name = Debug;
		};
		6385AE7F21DCA390001643EE /* Release */ = {
			isa = XCBuildConfiguration;
			baseConfigurationReference = D5E2DDA8D68A35BC893090AE /* Pods-ReactorExampleTests.release.xcconfig */;
			buildSettings = {
				ALWAYS_EMBED_SWIFT_STANDARD_LIBRARIES = YES;
				BUNDLE_LOADER = "$(TEST_HOST)";
				CODE_SIGN_IDENTITY = "iPhone Developer";
				CODE_SIGN_STYLE = Automatic;
				DEVELOPMENT_TEAM = T7CC2G3C53;
				INFOPLIST_FILE = ReactorExampleTests/Info.plist;
				LD_RUNPATH_SEARCH_PATHS = (
					"$(inherited)",
					"@executable_path/Frameworks",
					"@loader_path/Frameworks",
				);
				PRODUCT_BUNDLE_IDENTIFIER = com.seungjun.ReactorExampleTests;
				PRODUCT_NAME = "$(TARGET_NAME)";
				SWIFT_VERSION = 4.2;
				TARGETED_DEVICE_FAMILY = "1,2";
				TEST_HOST = "$(BUILT_PRODUCTS_DIR)/ReactorExample.app/ReactorExample";
			};
			name = Release;
		};
/* End XCBuildConfiguration section */

/* Begin XCConfigurationList section */
		6385AE5821DCA38A001643EE /* Build configuration list for PBXProject "ReactorExample" */ = {
			isa = XCConfigurationList;
			buildConfigurations = (
				6385AE7821DCA390001643EE /* Debug */,
				6385AE7921DCA390001643EE /* Release */,
			);
			defaultConfigurationIsVisible = 0;
			defaultConfigurationName = Release;
		};
		6385AE7A21DCA390001643EE /* Build configuration list for PBXNativeTarget "ReactorExample" */ = {
			isa = XCConfigurationList;
			buildConfigurations = (
				6385AE7B21DCA390001643EE /* Debug */,
				6385AE7C21DCA390001643EE /* Release */,
			);
			defaultConfigurationIsVisible = 0;
			defaultConfigurationName = Release;
		};
		6385AE7D21DCA390001643EE /* Build configuration list for PBXNativeTarget "ReactorExampleTests" */ = {
			isa = XCConfigurationList;
			buildConfigurations = (
				6385AE7E21DCA390001643EE /* Debug */,
				6385AE7F21DCA390001643EE /* Release */,
			);
			defaultConfigurationIsVisible = 0;
			defaultConfigurationName = Release;
		};
/* End XCConfigurationList section */
	};
	rootObject = 6385AE5521DCA38A001643EE /* Project object */;
}
